
Microsoft Visual Studio Solution File, Format Version 12.00
# Visual Studio Version 17
VisualStudioVersion = 17.14.36705.20 d17.14
MinimumVisualStudioVersion = 10.0.40219.1
Project("{FAE04EC0-301F-11D3-BF4B-00C04F79EFBC}") = "uvod-do-oop", "uvod-do-oop\uvod-do-oop.csproj", "{33ED69F9-2941-4C07-A894-AC4C10554155}"
EndProject
Global
	GlobalSection(SolutionConfigurationPlatforms) = preSolution
		Debug|Any CPU = Debug|Any CPU
		Release|Any CPU = Release|Any CPU
	EndGlobalSection
	GlobalSection(ProjectConfigurationPlatforms) = postSolution
		{33ED69F9-2941-4C07-A894-AC4C10554155}.Debug|Any CPU.ActiveCfg = Debug|Any CPU
		{33ED69F9-2941-4C07-A894-AC4C10554155}.Debug|Any CPU.Build.0 = Debug|Any CPU
		{33ED69F9-2941-4C07-A894-AC4C10554155}.Release|Any CPU.ActiveCfg = Release|Any CPU
		{33ED69F9-2941-4C07-A894-AC4C10554155}.Release|Any CPU.Build.0 = Release|Any CPU
	EndGlobalSection
	GlobalSection(SolutionProperties) = preSolution
		HideSolutionNode = FALSE
	EndGlobalSection
	GlobalSection(ExtensibilityGlobals) = postSolution
		SolutionGuid = {B4D8CB4F-DC3A-4DF4-8CE4-AD40116C39FA}
	EndGlobalSection
EndGlobal
